
Microsoft Visual Studio Solution File, Format Version 12.00
# Visual Studio Version 17
VisualStudioVersion = 17.0.31611.283
MinimumVisualStudioVersion = 10.0.40219.1
Project("{9A19103F-16F7-4668-BE54-9A1E7A4F7556}") = "AvariMaui", "AvariMaui\AvariMaui.csproj", "{43DD131A-80B7-4D2B-8AA1-C114A7FA1609}"
EndProject
Project("{9A19103F-16F7-4668-BE54-9A1E7A4F7556}") = "AvariModel", "AvariModel\AvariModel.csproj", "{47BF8B8A-2593-4C4A-9555-1E63245F1646}"
EndProject
Project("{9A19103F-16F7-4668-BE54-9A1E7A4F7556}") = "AvariTest", "AvariTest\AvariTest.csproj", "{3B4F1D05-8068-4017-9227-43AC40103D9E}"
EndProject
Global
	GlobalSection(SolutionConfigurationPlatforms) = preSolution
		Debug|Any CPU = Debug|Any CPU
		Release|Any CPU = Release|Any CPU
	EndGlobalSection
	GlobalSection(ProjectConfigurationPlatforms) = postSolution
		{43DD131A-80B7-4D2B-8AA1-C114A7FA1609}.Debug|Any CPU.ActiveCfg = Debug|Any CPU
		{43DD131A-80B7-4D2B-8AA1-C114A7FA1609}.Debug|Any CPU.Build.0 = Debug|Any CPU
		{43DD131A-80B7-4D2B-8AA1-C114A7FA1609}.Debug|Any CPU.Deploy.0 = Debug|Any CPU
		{43DD131A-80B7-4D2B-8AA1-C114A7FA1609}.Release|Any CPU.ActiveCfg = Release|Any CPU
		{43DD131A-80B7-4D2B-8AA1-C114A7FA1609}.Release|Any CPU.Build.0 = Release|Any CPU
		{43DD131A-80B7-4D2B-8AA1-C114A7FA1609}.Release|Any CPU.Deploy.0 = Release|Any CPU
		{47BF8B8A-2593-4C4A-9555-1E63245F1646}.Debug|Any CPU.ActiveCfg = Debug|Any CPU
		{47BF8B8A-2593-4C4A-9555-1E63245F1646}.Debug|Any CPU.Build.0 = Debug|Any CPU
		{47BF8B8A-2593-4C4A-9555-1E63245F1646}.Release|Any CPU.ActiveCfg = Release|Any CPU
		{47BF8B8A-2593-4C4A-9555-1E63245F1646}.Release|Any CPU.Build.0 = Release|Any CPU
		{3B4F1D05-8068-4017-9227-43AC40103D9E}.Debug|Any CPU.ActiveCfg = Debug|Any CPU
		{3B4F1D05-8068-4017-9227-43AC40103D9E}.Debug|Any CPU.Build.0 = Debug|Any CPU
		{3B4F1D05-8068-4017-9227-43AC40103D9E}.Release|Any CPU.ActiveCfg = Release|Any CPU
		{3B4F1D05-8068-4017-9227-43AC40103D9E}.Release|Any CPU.Build.0 = Release|Any CPU
	EndGlobalSection
	GlobalSection(SolutionProperties) = preSolution
		HideSolutionNode = FALSE
	EndGlobalSection
	GlobalSection(ExtensibilityGlobals) = postSolution
		SolutionGuid = {61F7FB11-1E47-470C-91E2-47F8143E1572}
	EndGlobalSection
EndGlobal
